{
  "version": 4,
  "terraform_version": "1.3.3",
  "serial": 31,
  "lineage": "044b099a-6d7a-b9c9-7a85-63ccdb4ec1e7",
  "outputs": {},
  "resources": [
    {
      "mode": "managed",
      "type": "azurerm_app_service",
      "name": "app_service",
      "provider": "provider[\"registry.terraform.io/hashicorp/azurerm\"]",
      "instances": [
        {
          "schema_version": 0,
          "attributes": {
            "app_service_plan_id": "/subscriptions/aaf76651-a8e8-4960-bf98-c4170867b797/resourceGroups/azuredevops/providers/Microsoft.Web/serverfarms/asdasfasfasf",
            "app_settings": {
              "WEBSITE_NODE_DEFAULT_VERSION": "6.9.1"
            },
            "auth_settings": [
              {
                "active_directory": [],
                "additional_login_params": {},
                "allowed_external_redirect_urls": [],
                "default_provider": "",
                "enabled": false,
                "facebook": [],
                "google": [],
                "issuer": "",
                "microsoft": [],
                "runtime_version": "",
                "token_refresh_extension_hours": 0,
                "token_store_enabled": false,
                "twitter": [],
                "unauthenticated_client_action": ""
              }
            ],
            "backup": [],
            "client_affinity_enabled": false,
            "client_cert_enabled": false,
            "client_cert_mode": "Required",
            "connection_string": [],
            "custom_domain_verification_id": "2A0F0A2AE20054F9FD460C2A62AAB5DD50AA6D82C456EF1DDD457823E2DDBA0C",
            "default_site_hostname": "asdasfasghgf.azurewebsites.net",
            "enabled": true,
            "https_only": false,
            "id": "/subscriptions/aaf76651-a8e8-4960-bf98-c4170867b797/resourceGroups/azuredevops/providers/Microsoft.Web/sites/asdasfasghgf",
            "identity": [],
            "key_vault_reference_identity_id": "SystemAssigned",
            "location": "eastus",
            "logs": [
              {
                "application_logs": [
                  {
                    "azure_blob_storage": [],
                    "file_system_level": "Off"
                  }
                ],
                "detailed_error_messages_enabled": false,
                "failed_request_tracing_enabled": false,
                "http_logs": [
                  {
                    "azure_blob_storage": [],
                    "file_system": []
                  }
                ]
              }
            ],
            "name": "asdasfasghgf",
            "outbound_ip_address_list": [
              "20.121.105.156",
              "20.121.105.246",
              "20.121.106.62",
              "20.121.106.73",
              "20.121.108.124",
              "20.84.3.60",
              "20.119.8.21"
            ],
            "outbound_ip_addresses": "20.121.105.156,20.121.105.246,20.121.106.62,20.121.106.73,20.121.108.124,20.84.3.60,20.119.8.21",
            "possible_outbound_ip_address_list": [
              "20.121.105.156",
              "20.121.105.246",
              "20.121.106.62",
              "20.121.106.73",
              "20.121.108.124",
              "20.84.3.60",
              "20.237.9.17",
              "20.237.9.77",
              "20.237.9.238",
              "20.237.10.209",
              "20.237.11.6",
              "20.237.11.12",
              "20.237.11.27",
              "20.237.11.33",
              "20.237.11.36",
              "20.237.11.39",
              "20.237.11.82",
              "20.237.11.94",
              "20.237.11.103",
              "20.237.11.105",
              "20.237.11.114",
              "20.237.11.124",
              "20.237.11.168",
              "20.237.11.173",
              "20.121.111.131",
              "20.237.11.242",
              "20.237.12.47",
              "20.237.12.57",
              "20.237.12.83",
              "20.121.105.93",
              "20.119.8.21"
            ],
            "possible_outbound_ip_addresses": "20.121.105.156,20.121.105.246,20.121.106.62,20.121.106.73,20.121.108.124,20.84.3.60,20.237.9.17,20.237.9.77,20.237.9.238,20.237.10.209,20.237.11.6,20.237.11.12,20.237.11.27,20.237.11.33,20.237.11.36,20.237.11.39,20.237.11.82,20.237.11.94,20.237.11.103,20.237.11.105,20.237.11.114,20.237.11.124,20.237.11.168,20.237.11.173,20.121.111.131,20.237.11.242,20.237.12.47,20.237.12.57,20.237.12.83,20.121.105.93,20.119.8.21",
            "resource_group_name": "azuredevops",
            "site_config": [
              {
                "acr_use_managed_identity_credentials": false,
                "acr_user_managed_identity_client_id": "",
                "always_on": false,
                "app_command_line": "",
                "auto_swap_slot_name": "",
                "cors": [],
                "default_documents": [
                  "Default.htm",
                  "Default.html",
                  "Default.asp",
                  "index.htm",
                  "index.html",
                  "iisstart.htm",
                  "default.aspx",
                  "index.php",
                  "hostingstart.html"
                ],
                "dotnet_framework_version": "v4.0",
                "ftps_state": "FtpsOnly",
                "health_check_path": "",
                "http2_enabled": false,
                "ip_restriction": [],
                "java_container": "",
                "java_container_version": "",
                "java_version": "",
                "linux_fx_version": "",
                "local_mysql_enabled": false,
                "managed_pipeline_mode": "Integrated",
                "min_tls_version": "1.2",
                "number_of_workers": 1,
                "php_version": "5.6",
                "python_version": "",
                "remote_debugging_enabled": false,
                "remote_debugging_version": "",
                "scm_ip_restriction": [],
                "scm_type": "None",
                "scm_use_main_ip_restriction": false,
                "use_32_bit_worker_process": true,
                "vnet_route_all_enabled": false,
                "websockets_enabled": false,
                "windows_fx_version": ""
              }
            ],
            "site_credential": [
              {
                "password": "dSSzuFjERdq80SCFQGnJXEu9kebEQEYSRPCgpkLa1hczN1bZ2psDPb53H4A8",
                "username": "$asdasfasghgf"
              }
            ],
            "source_control": [
              {
                "branch": "main",
                "manual_integration": false,
                "repo_url": "",
                "rollback_enabled": false,
                "use_mercurial": false
              }
            ],
            "storage_account": [],
            "tags": null,
            "timeouts": null
          },
          "sensitive_attributes": [],
          "private": "eyJlMmJmYjczMC1lY2FhLTExZTYtOGY4OC0zNDM2M2JjN2M0YzAiOnsiY3JlYXRlIjoxODAwMDAwMDAwMDAwLCJkZWxldGUiOjE4MDAwMDAwMDAwMDAsInJlYWQiOjMwMDAwMDAwMDAwMCwidXBkYXRlIjoxODAwMDAwMDAwMDAwfX0=",
          "dependencies": [
            "azurerm_app_service_plan.app_service_plan",
            "azurerm_resource_group.rc"
          ]
        }
      ]
    },
    {
      "mode": "managed",
      "type": "azurerm_app_service_plan",
      "name": "app_service_plan",
      "provider": "provider[\"registry.terraform.io/hashicorp/azurerm\"]",
      "instances": [
        {
          "schema_version": 0,
          "attributes": {
            "app_service_environment_id": "",
            "id": "/subscriptions/aaf76651-a8e8-4960-bf98-c4170867b797/resourceGroups/azuredevops/providers/Microsoft.Web/serverfarms/asdasfasfasf",
            "is_xenon": false,
            "kind": "Windows",
            "location": "eastus",
            "maximum_elastic_worker_count": 1,
            "maximum_number_of_workers": 10,
            "name": "asdasfasfasf",
            "per_site_scaling": false,
            "reserved": false,
            "resource_group_name": "azuredevops",
            "sku": [
              {
                "capacity": 1,
                "size": "S1",
                "tier": "Standard"
              }
            ],
            "tags": null,
            "timeouts": null,
            "zone_redundant": false
          },
          "sensitive_attributes": [],
          "private": "eyJlMmJmYjczMC1lY2FhLTExZTYtOGY4OC0zNDM2M2JjN2M0YzAiOnsiY3JlYXRlIjozNjAwMDAwMDAwMDAwLCJkZWxldGUiOjM2MDAwMDAwMDAwMDAsInJlYWQiOjMwMDAwMDAwMDAwMCwidXBkYXRlIjozNjAwMDAwMDAwMDAwfX0=",
          "dependencies": [
            "azurerm_resource_group.rc"
          ]
        }
      ]
    },
    {
      "mode": "managed",
      "type": "azurerm_container_registry",
      "name": "acr",
      "provider": "provider[\"registry.terraform.io/hashicorp/azurerm\"]",
      "instances": [
        {
          "schema_version": 2,
          "attributes": {
            "admin_enabled": false,
            "admin_password": "",
            "admin_username": "",
            "anonymous_pull_enabled": false,
            "data_endpoint_enabled": false,
            "encryption": [
              {
                "enabled": false,
                "identity_client_id": "",
                "key_vault_key_id": ""
              }
            ],
            "export_policy_enabled": true,
            "georeplications": [],
            "id": "/subscriptions/aaf76651-a8e8-4960-bf98-c4170867b797/resourceGroups/azuredevops/providers/Microsoft.ContainerRegistry/registries/masoudsaraacr",
            "identity": [],
            "location": "eastus",
            "login_server": "masoudsaraacr.azurecr.io",
            "name": "masoudsaraacr",
            "network_rule_bypass_option": "AzureServices",
            "network_rule_set": [],
            "public_network_access_enabled": true,
            "quarantine_policy_enabled": false,
            "resource_group_name": "azuredevops",
            "retention_policy": [
              {
                "days": 7,
                "enabled": false
              }
            ],
            "sku": "Basic",
            "tags": {},
            "timeouts": null,
            "trust_policy": [
              {
                "enabled": false
              }
            ],
            "zone_redundancy_enabled": false
          },
          "sensitive_attributes": [],
          "private": "eyJlMmJmYjczMC1lY2FhLTExZTYtOGY4OC0zNDM2M2JjN2M0YzAiOnsiY3JlYXRlIjoxODAwMDAwMDAwMDAwLCJkZWxldGUiOjE4MDAwMDAwMDAwMDAsInJlYWQiOjMwMDAwMDAwMDAwMCwidXBkYXRlIjoxODAwMDAwMDAwMDAwfSwic2NoZW1hX3ZlcnNpb24iOiIyIn0=",
          "dependencies": [
            "azurerm_resource_group.rc"
          ]
        }
      ]
    },
    {
      "mode": "managed",
      "type": "azurerm_resource_group",
      "name": "rc",
      "provider": "provider[\"registry.terraform.io/hashicorp/azurerm\"]",
      "instances": [
        {
          "schema_version": 0,
          "attributes": {
            "id": "/subscriptions/aaf76651-a8e8-4960-bf98-c4170867b797/resourceGroups/azuredevops",
            "location": "eastus",
            "name": "azuredevops",
            "tags": {},
            "timeouts": null
          },
          "sensitive_attributes": [],
          "private": "eyJlMmJmYjczMC1lY2FhLTExZTYtOGY4OC0zNDM2M2JjN2M0YzAiOnsiY3JlYXRlIjo1NDAwMDAwMDAwMDAwLCJkZWxldGUiOjU0MDAwMDAwMDAwMDAsInJlYWQiOjMwMDAwMDAwMDAwMCwidXBkYXRlIjo1NDAwMDAwMDAwMDAwfX0="
        }
      ]
    }
  ],
  "check_results": []
}
